Microsoft Visual Studio Solution File, Format Version 11.00
# Visual Studio 2008

Project("{F2E258F3-BEE2-AD54-327E-7CA92235F401}") = "ShootTheCube", "Assembly-CSharp.csproj", "{4FC73D58-9C4F-3CDA-A35C-182CC3F79E91}"
EndProject
Global
	GlobalSection(SolutionConfigurationPlatforms) = preSolution
		Debug|Any CPU = Debug|Any CPU
		Release|Any CPU = Release|Any CPU
	EndGlobalSection
	GlobalSection(ProjectConfigurationPlatforms) = postSolution
		{4FC73D58-9C4F-3CDA-A35C-182CC3F79E91}.Debug|Any CPU.ActiveCfg = Debug|Any CPU
		{4FC73D58-9C4F-3CDA-A35C-182CC3F79E91}.Debug|Any CPU.Build.0 = Debug|Any CPU
		{4FC73D58-9C4F-3CDA-A35C-182CC3F79E91}.Release|Any CPU.ActiveCfg = Release|Any CPU
		{4FC73D58-9C4F-3CDA-A35C-182CC3F79E91}.Release|Any CPU.Build.0 = Release|Any CPU
	EndGlobalSection
	GlobalSection(SolutionProperties) = preSolution
		HideSolutionNode = FALSE
	EndGlobalSection
																																																																					GlobalSection(MonoDevelopProperties) = preSolution
		StartupItem = Assembly-CSharp.csproj
		Policies = $0
		$0.TextStylePolicy = $1
		$1.inheritsSet = null
		$1.scope = text/x-csharp
		$0.CSharpFormattingPolicy = $2
		$2.inheritsSet = Mono
		$2.inheritsScope = text/x-csharp
		$2.scope = text/x-csharp
		$0.TextStylePolicy = $3
		$3.FileWidth = 120
		$3.TabWidth = 4
		$3.EolMarker = Unix
		$3.inheritsSet = Mono
		$3.inheritsScope = text/plain
		$3.scope = text/plain
	EndGlobalSection

EndGlobal
